{
  "requires": true,
  "lockfileVersion": 1,
  "dependencies": {
    "dayjs": {
      "version": "1.8.23",
      "resolved": "https://registry.npmjs.org/dayjs/-/dayjs-1.8.23.tgz",
      "integrity": "sha512-NmYHMFONftoZbeOhVz6jfiXI4zSiPN6NoVWJgC0aZQfYVwzy/ZpESPHuCcI0B8BUMpSJQ08zenHDbofOLKq8hQ=="
    }
  }
}
